// !$*UTF8*$!
{
	archiveVersion = 1;
	classes = {
	};
	objectVersion = 55;
	objects = {

/* Begin PBXBuildFile section */
		D66A4F482745F982002B2611 /* AppDelegate.swift in Sources */ = {isa = PBXBuildFile; fileRef = D66A4F472745F982002B2611 /* AppDelegate.swift */; };
		D66A4F4A2745F982002B2611 /* SceneDelegate.swift in Sources */ = {isa = PBXBuildFile; fileRef = D66A4F492745F982002B2611 /* SceneDelegate.swift */; };
		D66A4F4C2745F982002B2611 /* ViewController.swift in Sources */ = {isa = PBXBuildFile; fileRef = D66A4F4B2745F982002B2611 /* ViewController.swift */; };
		D66A4F4F2745F982002B2611 /* Main.storyboard in Resources */ = {isa = PBXBuildFile; fileRef = D66A4F4D2745F982002B2611 /* Main.storyboard */; };
		D66A4F522745F982002B2611 /* Leacture_signin.xcdatamodeld in Sources */ = {isa = PBXBuildFile; fileRef = D66A4F502745F982002B2611 /* Leacture_signin.xcdatamodeld */; };
		D66A4F542745F983002B2611 /* Assets.xcassets in Resources */ = {isa = PBXBuildFile; fileRef = D66A4F532745F983002B2611 /* Assets.xcassets */; };
		D66A4F572745F983002B2611 /* LaunchScreen.storyboard in Resources */ = {isa = PBXBuildFile; fileRef = D66A4F552745F983002B2611 /* LaunchScreen.storyboard */; };
		D66A4F5F2745FBC8002B2611 /* SignInViewController.swift in Sources */ = {isa = PBXBuildFile; fileRef = D66A4F5E2745FBC8002B2611 /* SignInViewController.swift */; };
		D66A4F612745FBE7002B2611 /* SignInVC.storyboard in Resources */ = {isa = PBXBuildFile; fileRef = D66A4F602745FBE7002B2611 /* SignInVC.storyboard */; };
		D66A4F6327460423002B2611 /* SignUpViewController.swift in Sources */ = {isa = PBXBuildFile; fileRef = D66A4F6227460423002B2611 /* SignUpViewController.swift */; };
		D66A4F6527460434002B2611 /* SignUpVC.storyboard in Resources */ = {isa = PBXBuildFile; fileRef = D66A4F6427460434002B2611 /* SignUpVC.storyboard */; };
		D679C017275017BD004A0AB0 /* common.swift in Sources */ = {isa = PBXBuildFile; fileRef = D679C016275017BD004A0AB0 /* common.swift */; };
/* End PBXBuildFile section */

/* Begin PBXFileReference section */
		D66A4F442745F982002B2611 /* Leacture_signin.app */ = {isa = PBXFileReference; explicitFileType = wrapper.application; includeInIndex = 0; path = Leacture_signin.app; sourceTree = BUILT_PRODUCTS_DIR; };
		D66A4F472745F982002B2611 /* AppDelegate.swift */ = {isa = PBXFileReference; lastKnownFileType = sourcecode.swift; path = AppDelegate.swift; sourceTree = "<group>"; };
		D66A4F492745F982002B2611 /* SceneDelegate.swift */ = {isa = PBXFileReference; lastKnownFileType = sourcecode.swift; path = SceneDelegate.swift; sourceTree = "<group>"; };
		D66A4F4B2745F982002B2611 /* ViewController.swift */ = {isa = PBXFileReference; lastKnownFileType = sourcecode.swift; path = ViewController.swift; sourceTree = "<group>"; };
		D66A4F4E2745F982002B2611 /* Base */ = {isa = PBXFileReference; lastKnownFileType = file.storyboard; name = Base; path = Base.lproj/Main.storyboard; sourceTree = "<group>"; };
		D66A4F512745F982002B2611 /* Leacture_signin.xcdatamodel */ = {isa = PBXFileReference; lastKnownFileType = wrapper.xcdatamodel; path = Leacture_signin.xcdatamodel; sourceTree = "<group>"; };
		D66A4F532745F983002B2611 /* Assets.xcassets */ = {isa = PBXFileReference; lastKnownFileType = folder.assetcatalog; path = Assets.xcassets; sourceTree = "<group>"; };
		D66A4F562745F983002B2611 /* Base */ = {isa = PBXFileReference; lastKnownFileType = file.storyboard; name = Base; path = Base.lproj/LaunchScreen.storyboard; sourceTree = "<group>"; };
		D66A4F582745F983002B2611 /* Info.plist */ = {isa = PBXFileReference; lastKnownFileType = text.plist.xml; path = Info.plist; sourceTree = "<group>"; };
		D66A4F5E2745FBC8002B2611 /* SignInViewController.swift */ = {isa = PBXFileReference; lastKnownFileType = sourcecode.swift; path = SignInViewController.swift; sourceTree = "<group>"; };
		D66A4F602745FBE7002B2611 /* SignInVC.storyboard */ = {isa = PBXFileReference; lastKnownFileType = file.storyboard; path = SignInVC.storyboard; sourceTree = "<group>"; };
		D66A4F6227460423002B2611 /* SignUpViewController.swift */ = {isa = PBXFileReference; lastKnownFileType = sourcecode.swift; path = SignUpViewController.swift; sourceTree = "<group>"; };
		D66A4F6427460434002B2611 /* SignUpVC.storyboard */ = {isa = PBXFileReference; lastKnownFileType = file.storyboard; path = SignUpVC.storyboard; sourceTree = "<group>"; };
		D679C016275017BD004A0AB0 /* common.swift */ = {isa = PBXFileReference; lastKnownFileType = sourcecode.swift; path = common.swift; sourceTree = "<group>"; };
/* End PBXFileReference section */

/* Begin PBXFrameworksBuildPhase section */
		D66A4F412745F982002B2611 /* Frameworks */ = {
			isa = PBXFrameworksBuildPhase;
			buildActionMask = 2147483647;
			files = (
			);
			runOnlyForDeploymentPostprocessing = 0;
		};
/* End PBXFrameworksBuildPhase section */

/* Begin PBXGroup section */
		D66A4F3B2745F982002B2611 = {
			isa = PBXGroup;
			children = (
				D679C016275017BD004A0AB0 /* common.swift */,
				D66A4F462745F982002B2611 /* Leacture_signin */,
				D66A4F452745F982002B2611 /* Products */,
			);
			sourceTree = "<group>";
		};
		D66A4F452745F982002B2611 /* Products */ = {
			isa = PBXGroup;
			children = (
				D66A4F442745F982002B2611 /* Leacture_signin.app */,
			);
			name = Products;
			sourceTree = "<group>";
		};
		D66A4F462745F982002B2611 /* Leacture_signin */ = {
			isa = PBXGroup;
			children = (
				D66A4F472745F982002B2611 /* AppDelegate.swift */,
				D66A4F492745F982002B2611 /* SceneDelegate.swift */,
				D66A4F4B2745F982002B2611 /* ViewController.swift */,
				D66A4F4D2745F982002B2611 /* Main.storyboard */,
				D66A4F5E2745FBC8002B2611 /* SignInViewController.swift */,
				D66A4F6427460434002B2611 /* SignUpVC.storyboard */,
				D66A4F6227460423002B2611 /* SignUpViewController.swift */,
				D66A4F602745FBE7002B2611 /* SignInVC.storyboard */,
				D66A4F532745F983002B2611 /* Assets.xcassets */,
				D66A4F552745F983002B2611 /* LaunchScreen.storyboard */,
				D66A4F582745F983002B2611 /* Info.plist */,
				D66A4F502745F982002B2611 /* Leacture_signin.xcdatamodeld */,
			);
			path = Leacture_signin;
			sourceTree = "<group>";
		};
/* End PBXGroup section */

/* Begin PBXNativeTarget section */
		D66A4F432745F982002B2611 /* Leacture_signin */ = {
			isa = PBXNativeTarget;
			buildConfigurationList = D66A4F5B2745F983002B2611 /* Build configuration list for PBXNativeTarget "Leacture_signin" */;
			buildPhases = (
				D66A4F402745F982002B2611 /* Sources */,
				D66A4F412745F982002B2611 /* Frameworks */,
				D66A4F422745F982002B2611 /* Resources */,
			);
			buildRules = (
			);
			dependencies = (
			);
			name = Leacture_signin;
			productName = Leacture_signin;
			productReference = D66A4F442745F982002B2611 /* Leacture_signin.app */;
			productType = "com.apple.product-type.application";
		};
/* End PBXNativeTarget section */

/* Begin PBXProject section */
		D66A4F3C2745F982002B2611 /* Project object */ = {
			isa = PBXProject;
			attributes = {
				BuildIndependentTargetsInParallel = 1;
				LastSwiftUpdateCheck = 1300;
				LastUpgradeCheck = 1300;
				TargetAttributes = {
					D66A4F432745F982002B2611 = {
						CreatedOnToolsVersion = 13.0;
					};
				};
			};
			buildConfigurationList = D66A4F3F2745F982002B2611 /* Build configuration list for PBXProject "Leacture_signin" */;
			compatibilityVersion = "Xcode 13.0";
			developmentRegion = en;
			hasScannedForEncodings = 0;
			knownRegions = (
				en,
				Base,
			);
			mainGroup = D66A4F3B2745F982002B2611;
			productRefGroup = D66A4F452745F982002B2611 /* Products */;
			projectDirPath = "";
			projectRoot = "";
			targets = (
				D66A4F432745F982002B2611 /* Leacture_signin */,
			);
		};
/* End PBXProject section */

/* Begin PBXResourcesBuildPhase section */
		D66A4F422745F982002B2611 /* Resources */ = {
			isa = PBXResourcesBuildPhase;
			buildActionMask = 2147483647;
			files = (
				D66A4F6527460434002B2611 /* SignUpVC.storyboard in Resources */,
				D66A4F572745F983002B2611 /* LaunchScreen.storyboard in Resources */,
				D66A4F542745F983002B2611 /* Assets.xcassets in Resources */,
				D66A4F4F2745F982002B2611 /* Main.storyboard in Resources */,
				D66A4F612745FBE7002B2611 /* SignInVC.storyboard in Resources */,
			);
			runOnlyForDeploymentPostprocessing = 0;
		};
/* End PBXResourcesBuildPhase section */

/* Begin PBXSourcesBuildPhase section */
		D66A4F402745F982002B2611 /* Sources */ = {
			isa = PBXSourcesBuildPhase;
			buildActionMask = 2147483647;
			files = (
				D679C017275017BD004A0AB0 /* common.swift in Sources */,
				D66A4F6327460423002B2611 /* SignUpViewController.swift in Sources */,
				D66A4F522745F982002B2611 /* Leacture_signin.xcdatamodeld in Sources */,
				D66A4F4C2745F982002B2611 /* ViewController.swift in Sources */,
				D66A4F482745F982002B2611 /* AppDelegate.swift in Sources */,
				D66A4F5F2745FBC8002B2611 /* SignInViewController.swift in Sources */,
				D66A4F4A2745F982002B2611 /* SceneDelegate.swift in Sources */,
			);
			runOnlyForDeploymentPostprocessing = 0;
		};
/* End PBXSourcesBuildPhase section */

/* Begin PBXVariantGroup section */
		D66A4F4D2745F982002B2611 /* Main.storyboard */ = {
			isa = PBXVariantGroup;
			children = (
				D66A4F4E2745F982002B2611 /* Base */,
			);
			name = Main.storyboard;
			sourceTree = "<group>";
		};
		D66A4F552745F983002B2611 /* LaunchScreen.storyboard */ = {
			isa = PBXVariantGroup;
			children = (
				D66A4F562745F983002B2611 /* Base */,
			);
			name = LaunchScreen.storyboard;
			sourceTree = "<group>";
		};
/* End PBXVariantGroup section */

/* Begin XCBuildConfiguration section */
		D66A4F592745F983002B2611 /* Debug */ = {
			isa = XCBuildConfiguration;
			buildSettings = {
				ALWAYS_SEARCH_USER_PATHS = NO;
				CLANG_ANALYZER_NONNULL = YES;
				CLANG_ANALYZER_NUMBER_OBJECT_CONVERSION = YES_AGGRESSIVE;
				CLANG_CXX_LANGUAGE_STANDARD = "gnu++17";
				CLANG_CXX_LIBRARY = "libc++";
				CLANG_ENABLE_MODULES = YES;
				CLANG_ENABLE_OBJC_ARC = YES;
				CLANG_ENABLE_OBJC_WEAK = YES;
				CLANG_WARN_BLOCK_CAPTURE_AUTORELEASING = YES;
				CLANG_WARN_BOOL_CONVERSION = YES;
				CLANG_WARN_COMMA = YES;
				CLANG_WARN_CONSTANT_CONVERSION = YES;
				CLANG_WARN_DEPRECATED_OBJC_IMPLEMENTATIONS = YES;
				CLANG_WARN_DIRECT_OBJC_ISA_USAGE = YES_ERROR;
				CLANG_WARN_DOCUMENTATION_COMMENTS = YES;
				CLANG_WARN_EMPTY_BODY = YES;
				CLANG_WARN_ENUM_CONVERSION = YES;
				CLANG_WARN_INFINITE_RECURSION = YES;
				CLANG_WARN_INT_CONVERSION = YES;
				CLANG_WARN_NON_LITERAL_NULL_CONVERSION = YES;
				CLANG_WARN_OBJC_IMPLICIT_RETAIN_SELF = YES;
				CLANG_WARN_OBJC_LITERAL_CONVERSION = YES;
				CLANG_WARN_OBJC_ROOT_CLASS = YES_ERROR;
				CLANG_WARN_QUOTED_INCLUDE_IN_FRAMEWORK_HEADER = YES;
				CLANG_WARN_RANGE_LOOP_ANALYSIS = YES;
				CLANG_WARN_STRICT_PROTOTYPES = YES;
				CLANG_WARN_SUSPICIOUS_MOVE = YES;
				CLANG_WARN_UNGUARDED_AVAILABILITY = YES_AGGRESSIVE;
				CLANG_WARN_UNREACHABLE_CODE = YES;
				CLANG_WARN__DUPLICATE_METHOD_MATCH = YES;
				COPY_PHASE_STRIP = NO;
				DEBUG_INFORMATION_FORMAT = dwarf;
				ENABLE_STRICT_OBJC_MSGSEND = YES;
				ENABLE_TESTABILITY = YES;
				GCC_C_LANGUAGE_STANDARD = gnu11;
				GCC_DYNAMIC_NO_PIC = NO;
				GCC_NO_COMMON_BLOCKS = YES;
				GCC_OPTIMIZATION_LEVEL = 0;
				GCC_PREPROCESSOR_DEFINITIONS = (
					"DEBUG=1",
					"$(inherited)",
				);
				GCC_WARN_64_TO_32_BIT_CONVERSION = YES;
				GCC_WARN_ABOUT_RETURN_TYPE = YES_ERROR;
				GCC_WARN_UNDECLARED_SELECTOR = YES;
				GCC_WARN_UNINITIALIZED_AUTOS = YES_AGGRESSIVE;
				GCC_WARN_UNUSED_FUNCTION = YES;
				GCC_WARN_UNUSED_VARIABLE = YES;
				IPHONEOS_DEPLOYMENT_TARGET = 15.0;
				MTL_ENABLE_DEBUG_INFO = INCLUDE_SOURCE;
				MTL_FAST_MATH = YES;
				ONLY_ACTIVE_ARCH = YES;
				SDKROOT = iphoneos;
				SWIFT_ACTIVE_COMPILATION_CONDITIONS = DEBUG;
				SWIFT_OPTIMIZATION_LEVEL = "-Onone";
			};
			name = Debug;
		};
		D66A4F5A2745F983002B2611 /* Release */ = {
			isa = XCBuildConfiguration;
			buildSettings = {
				ALWAYS_SEARCH_USER_PATHS = NO;
				CLANG_ANALYZER_NONNULL = YES;
				CLANG_ANALYZER_NUMBER_OBJECT_CONVERSION = YES_AGGRESSIVE;
				CLANG_CXX_LANGUAGE_STANDARD = "gnu++17";
				CLANG_CXX_LIBRARY = "libc++";
				CLANG_ENABLE_MODULES = YES;
				CLANG_ENABLE_OBJC_ARC = YES;
				CLANG_ENABLE_OBJC_WEAK = YES;
				CLANG_WARN_BLOCK_CAPTURE_AUTORELEASING = YES;
				CLANG_WARN_BOOL_CONVERSION = YES;
				CLANG_WARN_COMMA = YES;
				CLANG_WARN_CONSTANT_CONVERSION = YES;
				CLANG_WARN_DEPRECATED_OBJC_IMPLEMENTATIONS = YES;
				CLANG_WARN_DIRECT_OBJC_ISA_USAGE = YES_ERROR;
				CLANG_WARN_DOCUMENTATION_COMMENTS = YES;
				CLANG_WARN_EMPTY_BODY = YES;
				CLANG_WARN_ENUM_CONVERSION = YES;
				CLANG_WARN_INFINITE_RECURSION = YES;
				CLANG_WARN_INT_CONVERSION = YES;
				CLANG_WARN_NON_LITERAL_NULL_CONVERSION = YES;
				CLANG_WARN_OBJC_IMPLICIT_RETAIN_SELF = YES;
				CLANG_WARN_OBJC_LITERAL_CONVERSION = YES;
				CLANG_WARN_OBJC_ROOT_CLASS = YES_ERROR;
				CLANG_WARN_QUOTED_INCLUDE_IN_FRAMEWORK_HEADER = YES;
				CLANG_WARN_RANGE_LOOP_ANALYSIS = YES;
				CLANG_WARN_STRICT_PROTOTYPES = YES;
				CLANG_WARN_SUSPICIOUS_MOVE = YES;
				CLANG_WARN_UNGUARDED_AVAILABILITY = YES_AGGRESSIVE;
				CLANG_WARN_UNREACHABLE_CODE = YES;
				CLANG_WARN__DUPLICATE_METHOD_MATCH = YES;
				COPY_PHASE_STRIP = NO;
				DEBUG_INFORMATION_FORMAT = "dwarf-with-dsym";
				ENABLE_NS_ASSERTIONS = NO;
				ENABLE_STRICT_OBJC_MSGSEND = YES;
				GCC_C_LANGUAGE_STANDARD = gnu11;
				GCC_NO_COMMON_BLOCKS = YES;
				GCC_WARN_64_TO_32_BIT_CONVERSION = YES;
				GCC_WARN_ABOUT_RETURN_TYPE = YES_ERROR;
				GCC_WARN_UNDECLARED_SELECTOR = YES;
				GCC_WARN_UNINITIALIZED_AUTOS = YES_AGGRESSIVE;
				GCC_WARN_UNUSED_FUNCTION = YES;
				GCC_WARN_UNUSED_VARIABLE = YES;
				IPHONEOS_DEPLOYMENT_TARGET = 15.0;
				MTL_ENABLE_DEBUG_INFO = NO;
				MTL_FAST_MATH = YES;
				SDKROOT = iphoneos;
				SWIFT_COMPILATION_MODE = wholemodule;
				SWIFT_OPTIMIZATION_LEVEL = "-O";
				VALIDATE_PRODUCT = YES;
			};
			name = Release;
		};
		D66A4F5C2745F983002B2611 /* Debug */ = {
			isa = XCBuildConfiguration;
			buildSettings = {
				ASSETCATALOG_COMPILER_APPICON_NAME = AppIcon;
				ASSETCATALOG_COMPILER_GLOBAL_ACCENT_COLOR_NAME = AccentColor;
				CODE_SIGN_STYLE = Automatic;
				CURRENT_PROJECT_VERSION = 1;
				GENERATE_INFOPLIST_FILE = YES;
				INFOPLIST_FILE = Leacture_signin/Info.plist;
				INFOPLIST_KEY_UIApplicationSupportsIndirectInputEvents = YES;
				INFOPLIST_KEY_UILaunchStoryboardName = LaunchScreen;
				INFOPLIST_KEY_UIMainStoryboardFile = Main;
				INFOPLIST_KEY_UISupportedInterfaceOrientations_iPad = "UIInterfaceOrientationPortrait UIInterfaceOrientationPortraitUpsideDown UIInterfaceOrientationLandscapeLeft UIInterfaceOrientationLandscapeRight";
				INFOPLIST_KEY_UISupportedInterfaceOrientations_iPhone = "UIInterfaceOrientationPortrait UIInterfaceOrientationLandscapeLeft UIInterfaceOrientationLandscapeRight";
				LD_RUNPATH_SEARCH_PATHS = (
					"$(inherited)",
					"@executable_path/Frameworks",
				);
				MARKETING_VERSION = 1.0;
				PRODUCT_BUNDLE_IDENTIFIER = "com.sangnam.Leacture-signin";
				PRODUCT_NAME = "$(TARGET_NAME)";
				SWIFT_EMIT_LOC_STRINGS = YES;
				SWIFT_VERSION = 5.0;
				TARGETED_DEVICE_FAMILY = "1,2";
			};
			name = Debug;
		};
		D66A4F5D2745F983002B2611 /* Release */ = {
			isa = XCBuildConfiguration;
			buildSettings = {
				ASSETCATALOG_COMPILER_APPICON_NAME = AppIcon;
				ASSETCATALOG_COMPILER_GLOBAL_ACCENT_COLOR_NAME = AccentColor;
				CODE_SIGN_STYLE = Automatic;
				CURRENT_PROJECT_VERSION = 1;
				GENERATE_INFOPLIST_FILE = YES;
				INFOPLIST_FILE = Leacture_signin/Info.plist;
				INFOPLIST_KEY_UIApplicationSupportsIndirectInputEvents = YES;
				INFOPLIST_KEY_UILaunchStoryboardName = LaunchScreen;
				INFOPLIST_KEY_UIMainStoryboardFile = Main;
				INFOPLIST_KEY_UISupportedInterfaceOrientations_iPad = "UIInterfaceOrientationPortrait UIInterfaceOrientationPortraitUpsideDown UIInterfaceOrientationLandscapeLeft UIInterfaceOrientationLandscapeRight";
				INFOPLIST_KEY_UISupportedInterfaceOrientations_iPhone = "UIInterfaceOrientationPortrait UIInterfaceOrientationLandscapeLeft UIInterfaceOrientationLandscapeRight";
				LD_RUNPATH_SEARCH_PATHS = (
					"$(inherited)",
					"@executable_path/Frameworks",
				);
				MARKETING_VERSION = 1.0;
				PRODUCT_BUNDLE_IDENTIFIER = "com.sangnam.Leacture-signin";
				PRODUCT_NAME = "$(TARGET_NAME)";
				SWIFT_EMIT_LOC_STRINGS = YES;
				SWIFT_VERSION = 5.0;
				TARGETED_DEVICE_FAMILY = "1,2";
			};
			name = Release;
		};
/* End XCBuildConfiguration section */

/* Begin XCConfigurationList section */
		D66A4F3F2745F982002B2611 /* Build configuration list for PBXProject "Leacture_signin" */ = {
			isa = XCConfigurationList;
			buildConfigurations = (
				D66A4F592745F983002B2611 /* Debug */,
				D66A4F5A2745F983002B2611 /* Release */,
			);
			defaultConfigurationIsVisible = 0;
			defaultConfigurationName = Release;
		};
		D66A4F5B2745F983002B2611 /* Build configuration list for PBXNativeTarget "Leacture_signin" */ = {
			isa = XCConfigurationList;
			buildConfigurations = (
				D66A4F5C2745F983002B2611 /* Debug */,
				D66A4F5D2745F983002B2611 /* Release */,
			);
			defaultConfigurationIsVisible = 0;
			defaultConfigurationName = Release;
		};
/* End XCConfigurationList section */

/* Begin XCVersionGroup section */
		D66A4F502745F982002B2611 /* Leacture_signin.xcdatamodeld */ = {
			isa = XCVersionGroup;
			children = (
				D66A4F512745F982002B2611 /* Leacture_signin.xcdatamodel */,
			);
			currentVersion = D66A4F512745F982002B2611 /* Leacture_signin.xcdatamodel */;
			path = Leacture_signin.xcdatamodeld;
			sourceTree = "<group>";
			versionGroupType = wrapper.xcdatamodel;
		};
/* End XCVersionGroup section */
	};
	rootObject = D66A4F3C2745F982002B2611 /* Project object */;
}
